// !$*UTF8*$!
{
	archiveVersion = 1;
	classes = {
	};
	objectVersion = 51;
	objects = {

/* Begin PBXBuildFile section */
		23A40CAB26A2CAFA00F291F2 /* GoogleService-Info.plist in Resources */ = {isa = PBXBuildFile; fileRef = 23A40CAA26A2CAFA00F291F2 /* GoogleService-Info.plist */; };
		23A40CAE26A2CB2B00F291F2 /* HomeModel.swift in Sources */ = {isa = PBXBuildFile; fileRef = 23A40CAD26A2CB2B00F291F2 /* HomeModel.swift */; };
		23A40CB026A2CB5100F291F2 /* MessageModel.swift in Sources */ = {isa = PBXBuildFile; fileRef = 23A40CAF26A2CB5100F291F2 /* MessageModel.swift */; };
		23A85C7926A5E42B00BB140C /* ChatRow.swift in Sources */ = {isa = PBXBuildFile; fileRef = 23A85C7826A5E42B00BB140C /* ChatRow.swift */; };
		23B8FA6E268F39EB00375FFD /* PangeaApp.swift in Sources */ = {isa = PBXBuildFile; fileRef = 23B8FA6D268F39EB00375FFD /* PangeaApp.swift */; };
		23B8FA70268F39EB00375FFD /* ContentView.swift in Sources */ = {isa = PBXBuildFile; fileRef = 23B8FA6F268F39EB00375FFD /* ContentView.swift */; };
		23B8FA72268F39EC00375FFD /* Assets.xcassets in Resources */ = {isa = PBXBuildFile; fileRef = 23B8FA71268F39EC00375FFD /* Assets.xcassets */; };
		23B8FA75268F39EC00375FFD /* Preview Assets.xcassets in Resources */ = {isa = PBXBuildFile; fileRef = 23B8FA74268F39EC00375FFD /* Preview Assets.xcassets */; };
		23B8FA77268F39EC00375FFD /* Persistence.swift in Sources */ = {isa = PBXBuildFile; fileRef = 23B8FA76268F39EC00375FFD /* Persistence.swift */; };
		23B8FA7A268F39EC00375FFD /* Pangea.xcdatamodeld in Sources */ = {isa = PBXBuildFile; fileRef = 23B8FA78268F39EC00375FFD /* Pangea.xcdatamodeld */; };
		23D96BB4269CE24A00C4AD3F /* SettingsView.swift in Sources */ = {isa = PBXBuildFile; fileRef = 23D96BB3269CE24A00C4AD3F /* SettingsView.swift */; };
		23D96BB6269CE64800C4AD3F /* ContactsView.swift in Sources */ = {isa = PBXBuildFile; fileRef = 23D96BB5269CE64800C4AD3F /* ContactsView.swift */; };
		BDB4C1D0A0D1EF7EE3819E26 /* Pods_Pangea.framework in Frameworks */ = {isa = PBXBuildFile; fileRef = 33BE961ABBBA8A9E9FE3C7ED /* Pods_Pangea.framework */; };
		F40FC339269D6E8700F91D0E /* ContactUserView.swift in Sources */ = {isa = PBXBuildFile; fileRef = F40FC338269D6E8700F91D0E /* ContactUserView.swift */; };
		F40FC33B269DA8AF00F91D0E /* LoginView.swift in Sources */ = {isa = PBXBuildFile; fileRef = F40FC33A269DA8AF00F91D0E /* LoginView.swift */; };
		F44A4C6E2690CBAE0004B6CC /* MessageListView.swift in Sources */ = {isa = PBXBuildFile; fileRef = F44A4C6D2690CBAE0004B6CC /* MessageListView.swift */; };
		F4B927DD269C21CB00795824 /* MessageView.swift in Sources */ = {isa = PBXBuildFile; fileRef = F4B927DC269C21CB00795824 /* MessageView.swift */; };
		F4B927E0269C22CE00795824 /* MessageManager.swift in Sources */ = {isa = PBXBuildFile; fileRef = F4B927DF269C22CE00795824 /* MessageManager.swift */; };
		F4B927E2269C293500795824 /* ScrollView.swift in Sources */ = {isa = PBXBuildFile; fileRef = F4B927E1269C293500795824 /* ScrollView.swift */; };
/* End PBXBuildFile section */

/* Begin PBXFileReference section */
		072D803096B6BE0ABC0A0AF4 /* Pods-Pangea.release.xcconfig */ = {isa = PBXFileReference; includeInIndex = 1; lastKnownFileType = text.xcconfig; name = "Pods-Pangea.release.xcconfig"; path = "Target Support Files/Pods-Pangea/Pods-Pangea.release.xcconfig"; sourceTree = "<group>"; };
		23A40CAA26A2CAFA00F291F2 /* GoogleService-Info.plist */ = {isa = PBXFileReference; fileEncoding = 4; lastKnownFileType = text.plist.xml; path = "GoogleService-Info.plist"; sourceTree = "<group>"; };
		23A40CAD26A2CB2B00F291F2 /* HomeModel.swift */ = {isa = PBXFileReference; lastKnownFileType = sourcecode.swift; path = HomeModel.swift; sourceTree = "<group>"; };
		23A40CAF26A2CB5100F291F2 /* MessageModel.swift */ = {isa = PBXFileReference; lastKnownFileType = sourcecode.swift; path = MessageModel.swift; sourceTree = "<group>"; };
		23A85C7826A5E42B00BB140C /* ChatRow.swift */ = {isa = PBXFileReference; lastKnownFileType = sourcecode.swift; path = ChatRow.swift; sourceTree = "<group>"; };
		23B8FA6A268F39EB00375FFD /* Pangea.app */ = {isa = PBXFileReference; explicitFileType = wrapper.application; includeInIndex = 0; path = Pangea.app; sourceTree = BUILT_PRODUCTS_DIR; };
		23B8FA6D268F39EB00375FFD /* PangeaApp.swift */ = {isa = PBXFileReference; lastKnownFileType = sourcecode.swift; path = PangeaApp.swift; sourceTree = "<group>"; };
		23B8FA6F268F39EB00375FFD /* ContentView.swift */ = {isa = PBXFileReference; lastKnownFileType = sourcecode.swift; path = ContentView.swift; sourceTree = "<group>"; };
		23B8FA71268F39EC00375FFD /* Assets.xcassets */ = {isa = PBXFileReference; lastKnownFileType = folder.assetcatalog; path = Assets.xcassets; sourceTree = "<group>"; };
		23B8FA74268F39EC00375FFD /* Preview Assets.xcassets */ = {isa = PBXFileReference; lastKnownFileType = folder.assetcatalog; path = "Preview Assets.xcassets"; sourceTree = "<group>"; };
		23B8FA76268F39EC00375FFD /* Persistence.swift */ = {isa = PBXFileReference; lastKnownFileType = sourcecode.swift; path = Persistence.swift; sourceTree = "<group>"; };
		23B8FA79268F39EC00375FFD /* Pangea.xcdatamodel */ = {isa = PBXFileReference; lastKnownFileType = wrapper.xcdatamodel; path = Pangea.xcdatamodel; sourceTree = "<group>"; };
		23B8FA7B268F39EC00375FFD /* Info.plist */ = {isa = PBXFileReference; lastKnownFileType = text.plist.xml; path = Info.plist; sourceTree = "<group>"; };
		23D96BB3269CE24A00C4AD3F /* SettingsView.swift */ = {isa = PBXFileReference; lastKnownFileType = sourcecode.swift; path = SettingsView.swift; sourceTree = "<group>"; };
		23D96BB5269CE64800C4AD3F /* ContactsView.swift */ = {isa = PBXFileReference; lastKnownFileType = sourcecode.swift; path = ContactsView.swift; sourceTree = "<group>"; };
		33BE961ABBBA8A9E9FE3C7ED /* Pods_Pangea.framework */ = {isa = PBXFileReference; explicitFileType = wrapper.framework; includeInIndex = 0; path = Pods_Pangea.framework; sourceTree = BUILT_PRODUCTS_DIR; };
		4BE19F767676FF331EEAD1F0 /* Pods-Pangea.debug.xcconfig */ = {isa = PBXFileReference; includeInIndex = 1; lastKnownFileType = text.xcconfig; name = "Pods-Pangea.debug.xcconfig"; path = "Target Support Files/Pods-Pangea/Pods-Pangea.debug.xcconfig"; sourceTree = "<group>"; };
		F40FC338269D6E8700F91D0E /* ContactUserView.swift */ = {isa = PBXFileReference; lastKnownFileType = sourcecode.swift; path = ContactUserView.swift; sourceTree = "<group>"; };
		F40FC33A269DA8AF00F91D0E /* LoginView.swift */ = {isa = PBXFileReference; lastKnownFileType = sourcecode.swift; path = LoginView.swift; sourceTree = "<group>"; };
		F44A4C6D2690CBAE0004B6CC /* MessageListView.swift */ = {isa = PBXFileReference; lastKnownFileType = sourcecode.swift; path = MessageListView.swift; sourceTree = "<group>"; };
		F4B927DC269C21CB00795824 /* MessageView.swift */ = {isa = PBXFileReference; lastKnownFileType = sourcecode.swift; path = MessageView.swift; sourceTree = "<group>"; };
		F4B927DF269C22CE00795824 /* MessageManager.swift */ = {isa = PBXFileReference; lastKnownFileType = sourcecode.swift; path = MessageManager.swift; sourceTree = "<group>"; };
		F4B927E1269C293500795824 /* ScrollView.swift */ = {isa = PBXFileReference; lastKnownFileType = sourcecode.swift; path = ScrollView.swift; sourceTree = "<group>"; };
/* End PBXFileReference section */

/* Begin PBXFrameworksBuildPhase section */
		23B8FA67268F39EB00375FFD /* Frameworks */ = {
			isa = PBXFrameworksBuildPhase;
			buildActionMask = 2147483647;
			files = (
				BDB4C1D0A0D1EF7EE3819E26 /* Pods_Pangea.framework in Frameworks */,
			);
			runOnlyForDeploymentPostprocessing = 0;
		};
/* End PBXFrameworksBuildPhase section */

/* Begin PBXGroup section */
		23A40CAC26A2CB1A00F291F2 /* Model */ = {
			isa = PBXGroup;
			children = (
				23A40CAD26A2CB2B00F291F2 /* HomeModel.swift */,
				23A40CAF26A2CB5100F291F2 /* MessageModel.swift */,
			);
			path = Model;
			sourceTree = "<group>";
		};
		23A85C7726A5E41300BB140C /* Components */ = {
			isa = PBXGroup;
			children = (
				23A85C7826A5E42B00BB140C /* ChatRow.swift */,
			);
			path = Components;
			sourceTree = "<group>";
		};
		23B8FA61268F39EB00375FFD = {
			isa = PBXGroup;
			children = (
				23B8FA6C268F39EB00375FFD /* Pangea */,
				23B8FA6B268F39EB00375FFD /* Products */,
				36E6A7DB25D0E75316FE7B6D /* Pods */,
				54270D4E906FF27C58921C38 /* Frameworks */,
			);
			sourceTree = "<group>";
		};
		23B8FA6B268F39EB00375FFD /* Products */ = {
			isa = PBXGroup;
			children = (
				23B8FA6A268F39EB00375FFD /* Pangea.app */,
			);
			name = Products;
			sourceTree = "<group>";
		};
		23B8FA6C268F39EB00375FFD /* Pangea */ = {
			isa = PBXGroup;
			children = (
				23A40CAC26A2CB1A00F291F2 /* Model */,
				F4B927DE269C22C100795824 /* Managers */,
				F44A4C6A269090DA0004B6CC /* Views */,
				23B8FA6D268F39EB00375FFD /* PangeaApp.swift */,
				23A40CAA26A2CAFA00F291F2 /* GoogleService-Info.plist */,
				23B8FA71268F39EC00375FFD /* Assets.xcassets */,
				23B8FA76268F39EC00375FFD /* Persistence.swift */,
				23B8FA7B268F39EC00375FFD /* Info.plist */,
				23B8FA78268F39EC00375FFD /* Pangea.xcdatamodeld */,
				23B8FA73268F39EC00375FFD /* Preview Content */,
			);
			path = Pangea;
			sourceTree = "<group>";
		};
		23B8FA73268F39EC00375FFD /* Preview Content */ = {
			isa = PBXGroup;
			children = (
				23B8FA74268F39EC00375FFD /* Preview Assets.xcassets */,
			);
			path = "Preview Content";
			sourceTree = "<group>";
		};
		36E6A7DB25D0E75316FE7B6D /* Pods */ = {
			isa = PBXGroup;
			children = (
				4BE19F767676FF331EEAD1F0 /* Pods-Pangea.debug.xcconfig */,
				072D803096B6BE0ABC0A0AF4 /* Pods-Pangea.release.xcconfig */,
			);
			path = Pods;
			sourceTree = "<group>";
		};
		54270D4E906FF27C58921C38 /* Frameworks */ = {
			isa = PBXGroup;
			children = (
				33BE961ABBBA8A9E9FE3C7ED /* Pods_Pangea.framework */,
			);
			name = Frameworks;
			sourceTree = "<group>";
		};
		F44A4C6A269090DA0004B6CC /* Views */ = {
			isa = PBXGroup;
			children = (
				23A85C7726A5E41300BB140C /* Components */,
				23B8FA6F268F39EB00375FFD /* ContentView.swift */,
				F44A4C6D2690CBAE0004B6CC /* MessageListView.swift */,
				F4B927DC269C21CB00795824 /* MessageView.swift */,
				F4B927E1269C293500795824 /* ScrollView.swift */,
				23D96BB5269CE64800C4AD3F /* ContactsView.swift */,
				23D96BB3269CE24A00C4AD3F /* SettingsView.swift */,
				F40FC338269D6E8700F91D0E /* ContactUserView.swift */,
				F40FC33A269DA8AF00F91D0E /* LoginView.swift */,
			);
			path = Views;
			sourceTree = "<group>";
		};
		F4B927DE269C22C100795824 /* Managers */ = {
			isa = PBXGroup;
			children = (
				F4B927DF269C22CE00795824 /* MessageManager.swift */,
			);
			path = Managers;
			sourceTree = "<group>";
		};
/* End PBXGroup section */

/* Begin PBXNativeTarget section */
		23B8FA69268F39EB00375FFD /* Pangea */ = {
			isa = PBXNativeTarget;
			buildConfigurationList = 23B8FA7E268F39EC00375FFD /* Build configuration list for PBXNativeTarget "Pangea" */;
			buildPhases = (
				F9ED02D7B8576C3210F35F64 /* [CP] Check Pods Manifest.lock */,
				23B8FA66268F39EB00375FFD /* Sources */,
				23B8FA67268F39EB00375FFD /* Frameworks */,
				23B8FA68268F39EB00375FFD /* Resources */,
				B6BD24E9BCE909448542471F /* [CP] Embed Pods Frameworks */,
			);
			buildRules = (
			);
			dependencies = (
			);
			name = Pangea;
			productName = Pangea;
			productReference = 23B8FA6A268F39EB00375FFD /* Pangea.app */;
			productType = "com.apple.product-type.application";
		};
/* End PBXNativeTarget section */

/* Begin PBXProject section */
		23B8FA62268F39EB00375FFD /* Project object */ = {
			isa = PBXProject;
			attributes = {
				LastSwiftUpdateCheck = 1250;
				LastUpgradeCheck = 1250;
				TargetAttributes = {
					23B8FA69268F39EB00375FFD = {
						CreatedOnToolsVersion = 12.5;
					};
				};
			};
			buildConfigurationList = 23B8FA65268F39EB00375FFD /* Build configuration list for PBXProject "Pangea" */;
			compatibilityVersion = "Xcode 9.3";
			developmentRegion = en;
			hasScannedForEncodings = 0;
			knownRegions = (
				en,
				Base,
			);
			mainGroup = 23B8FA61268F39EB00375FFD;
			productRefGroup = 23B8FA6B268F39EB00375FFD /* Products */;
			projectDirPath = "";
			projectRoot = "";
			targets = (
				23B8FA69268F39EB00375FFD /* Pangea */,
			);
		};
/* End PBXProject section */

/* Begin PBXResourcesBuildPhase section */
		23B8FA68268F39EB00375FFD /* Resources */ = {
			isa = PBXResourcesBuildPhase;
			buildActionMask = 2147483647;
			files = (
				23B8FA75268F39EC00375FFD /* Preview Assets.xcassets in Resources */,
				23B8FA72268F39EC00375FFD /* Assets.xcassets in Resources */,
				23A40CAB26A2CAFA00F291F2 /* GoogleService-Info.plist in Resources */,
			);
			runOnlyForDeploymentPostprocessing = 0;
		};
/* End PBXResourcesBuildPhase section */

/* Begin PBXShellScriptBuildPhase section */
		B6BD24E9BCE909448542471F /* [CP] Embed Pods Frameworks */ = {
			isa = PBXShellScriptBuildPhase;
			buildActionMask = 2147483647;
			files = (
			);
			inputFileListPaths = (
				"${PODS_ROOT}/Target Support Files/Pods-Pangea/Pods-Pangea-frameworks-${CONFIGURATION}-input-files.xcfilelist",
			);
			name = "[CP] Embed Pods Frameworks";
			outputFileListPaths = (
				"${PODS_ROOT}/Target Support Files/Pods-Pangea/Pods-Pangea-frameworks-${CONFIGURATION}-output-files.xcfilelist",
			);
			runOnlyForDeploymentPostprocessing = 0;
			shellPath = /bin/sh;
			shellScript = "\"${PODS_ROOT}/Target Support Files/Pods-Pangea/Pods-Pangea-frameworks.sh\"\n";
			showEnvVarsInLog = 0;
		};
		F9ED02D7B8576C3210F35F64 /* [CP] Check Pods Manifest.lock */ = {
			isa = PBXShellScriptBuildPhase;
			buildActionMask = 2147483647;
			files = (
			);
			inputFileListPaths = (
			);
			inputPaths = (
				"${PODS_PODFILE_DIR_PATH}/Podfile.lock",
				"${PODS_ROOT}/Manifest.lock",
			);
			name = "[CP] Check Pods Manifest.lock";
			outputFileListPaths = (
			);
			outputPaths = (
				"$(DERIVED_FILE_DIR)/Pods-Pangea-checkManifestLockResult.txt",
			);
			runOnlyForDeploymentPostprocessing = 0;
			shellPath = /bin/sh;
			shellScript = "diff \"${PODS_PODFILE_DIR_PATH}/Podfile.lock\" \"${PODS_ROOT}/Manifest.lock\" > /dev/null\nif [ $? != 0 ] ; then\n    # print error to STDERR\n    echo \"error: The sandbox is not in sync with the Podfile.lock. Run 'pod install' or update your CocoaPods installation.\" >&2\n    exit 1\nfi\n# This output is used by Xcode 'outputs' to avoid re-running this script phase.\necho \"SUCCESS\" > \"${SCRIPT_OUTPUT_FILE_0}\"\n";
			showEnvVarsInLog = 0;
		};
/* End PBXShellScriptBuildPhase section */

/* Begin PBXSourcesBuildPhase section */
		23B8FA66268F39EB00375FFD /* Sources */ = {
			isa = PBXSourcesBuildPhase;
			buildActionMask = 2147483647;
			files = (
				F4B927DD269C21CB00795824 /* MessageView.swift in Sources */,
				23B8FA77268F39EC00375FFD /* Persistence.swift in Sources */,
				23B8FA70268F39EB00375FFD /* ContentView.swift in Sources */,
				23D96BB6269CE64800C4AD3F /* ContactsView.swift in Sources */,
				23D96BB4269CE24A00C4AD3F /* SettingsView.swift in Sources */,
				23B8FA6E268F39EB00375FFD /* PangeaApp.swift in Sources */,
				F40FC33B269DA8AF00F91D0E /* LoginView.swift in Sources */,
				F40FC339269D6E8700F91D0E /* ContactUserView.swift in Sources */,
				F4B927E0269C22CE00795824 /* MessageManager.swift in Sources */,
				23A40CB026A2CB5100F291F2 /* MessageModel.swift in Sources */,
				23A40CAE26A2CB2B00F291F2 /* HomeModel.swift in Sources */,
				F4B927E2269C293500795824 /* ScrollView.swift in Sources */,
				F44A4C6E2690CBAE0004B6CC /* MessageListView.swift in Sources */,
				23A85C7926A5E42B00BB140C /* ChatRow.swift in Sources */,
				23B8FA7A268F39EC00375FFD /* Pangea.xcdatamodeld in Sources */,
			);
			runOnlyForDeploymentPostprocessing = 0;
		};
/* End PBXSourcesBuildPhase section */

/* Begin XCBuildConfiguration section */
		23B8FA7C268F39EC00375FFD /* Debug */ = {
			isa = XCBuildConfiguration;
			buildSettings = {
				ALWAYS_SEARCH_USER_PATHS = NO;
				CLANG_ANALYZER_NONNULL = YES;
				CLANG_ANALYZER_NUMBER_OBJECT_CONVERSION = YES_AGGRESSIVE;
				CLANG_CXX_LANGUAGE_STANDARD = "gnu++14";
				CLANG_CXX_LIBRARY = "libc++";
				CLANG_ENABLE_MODULES = YES;
				CLANG_ENABLE_OBJC_ARC = YES;
				CLANG_ENABLE_OBJC_WEAK = YES;
				CLANG_WARN_BLOCK_CAPTURE_AUTORELEASING = YES;
				CLANG_WARN_BOOL_CONVERSION = YES;
				CLANG_WARN_COMMA = YES;
				CLANG_WARN_CONSTANT_CONVERSION = YES;
				CLANG_WARN_DEPRECATED_OBJC_IMPLEMENTATIONS = YES;
				CLANG_WARN_DIRECT_OBJC_ISA_USAGE = YES_ERROR;
				CLANG_WARN_DOCUMENTATION_COMMENTS = YES;
				CLANG_WARN_EMPTY_BODY = YES;
				CLANG_WARN_ENUM_CONVERSION = YES;
				CLANG_WARN_INFINITE_RECURSION = YES;
				CLANG_WARN_INT_CONVERSION = YES;
				CLANG_WARN_NON_LITERAL_NULL_CONVERSION = YES;
				CLANG_WARN_OBJC_IMPLICIT_RETAIN_SELF = YES;
				CLANG_WARN_OBJC_LITERAL_CONVERSION = YES;
				CLANG_WARN_OBJC_ROOT_CLASS = YES_ERROR;
				CLANG_WARN_QUOTED_INCLUDE_IN_FRAMEWORK_HEADER = YES;
				CLANG_WARN_RANGE_LOOP_ANALYSIS = YES;
				CLANG_WARN_STRICT_PROTOTYPES = YES;
				CLANG_WARN_SUSPICIOUS_MOVE = YES;
				CLANG_WARN_UNGUARDED_AVAILABILITY = YES_AGGRESSIVE;
				CLANG_WARN_UNREACHABLE_CODE = YES;
				CLANG_WARN__DUPLICATE_METHOD_MATCH = YES;
				COPY_PHASE_STRIP = NO;
				DEBUG_INFORMATION_FORMAT = dwarf;
				ENABLE_STRICT_OBJC_MSGSEND = YES;
				ENABLE_TESTABILITY = YES;
				GCC_C_LANGUAGE_STANDARD = gnu11;
				GCC_DYNAMIC_NO_PIC = NO;
				GCC_NO_COMMON_BLOCKS = YES;
				GCC_OPTIMIZATION_LEVEL = 0;
				GCC_PREPROCESSOR_DEFINITIONS = (
					"DEBUG=1",
					"$(inherited)",
				);
				GCC_WARN_64_TO_32_BIT_CONVERSION = YES;
				GCC_WARN_ABOUT_RETURN_TYPE = YES_ERROR;
				GCC_WARN_UNDECLARED_SELECTOR = YES;
				GCC_WARN_UNINITIALIZED_AUTOS = YES_AGGRESSIVE;
				GCC_WARN_UNUSED_FUNCTION = YES;
				GCC_WARN_UNUSED_VARIABLE = YES;
				IPHONEOS_DEPLOYMENT_TARGET = 14.5;
				MTL_ENABLE_DEBUG_INFO = INCLUDE_SOURCE;
				MTL_FAST_MATH = YES;
				ONLY_ACTIVE_ARCH = YES;
				SDKROOT = iphoneos;
				SWIFT_ACTIVE_COMPILATION_CONDITIONS = DEBUG;
				SWIFT_OPTIMIZATION_LEVEL = "-Onone";
			};
			name = Debug;
		};
		23B8FA7D268F39EC00375FFD /* Release */ = {
			isa = XCBuildConfiguration;
			buildSettings = {
				ALWAYS_SEARCH_USER_PATHS = NO;
				CLANG_ANALYZER_NONNULL = YES;
				CLANG_ANALYZER_NUMBER_OBJECT_CONVERSION = YES_AGGRESSIVE;
				CLANG_CXX_LANGUAGE_STANDARD = "gnu++14";
				CLANG_CXX_LIBRARY = "libc++";
				CLANG_ENABLE_MODULES = YES;
				CLANG_ENABLE_OBJC_ARC = YES;
				CLANG_ENABLE_OBJC_WEAK = YES;
				CLANG_WARN_BLOCK_CAPTURE_AUTORELEASING = YES;
				CLANG_WARN_BOOL_CONVERSION = YES;
				CLANG_WARN_COMMA = YES;
				CLANG_WARN_CONSTANT_CONVERSION = YES;
				CLANG_WARN_DEPRECATED_OBJC_IMPLEMENTATIONS = YES;
				CLANG_WARN_DIRECT_OBJC_ISA_USAGE = YES_ERROR;
				CLANG_WARN_DOCUMENTATION_COMMENTS = YES;
				CLANG_WARN_EMPTY_BODY = YES;
				CLANG_WARN_ENUM_CONVERSION = YES;
				CLANG_WARN_INFINITE_RECURSION = YES;
				CLANG_WARN_INT_CONVERSION = YES;
				CLANG_WARN_NON_LITERAL_NULL_CONVERSION = YES;
				CLANG_WARN_OBJC_IMPLICIT_RETAIN_SELF = YES;
				CLANG_WARN_OBJC_LITERAL_CONVERSION = YES;
				CLANG_WARN_OBJC_ROOT_CLASS = YES_ERROR;
				CLANG_WARN_QUOTED_INCLUDE_IN_FRAMEWORK_HEADER = YES;
				CLANG_WARN_RANGE_LOOP_ANALYSIS = YES;
				CLANG_WARN_STRICT_PROTOTYPES = YES;
				CLANG_WARN_SUSPICIOUS_MOVE = YES;
				CLANG_WARN_UNGUARDED_AVAILABILITY = YES_AGGRESSIVE;
				CLANG_WARN_UNREACHABLE_CODE = YES;
				CLANG_WARN__DUPLICATE_METHOD_MATCH = YES;
				COPY_PHASE_STRIP = NO;
				DEBUG_INFORMATION_FORMAT = "dwarf-with-dsym";
				ENABLE_NS_ASSERTIONS = NO;
				ENABLE_STRICT_OBJC_MSGSEND = YES;
				GCC_C_LANGUAGE_STANDARD = gnu11;
				GCC_NO_COMMON_BLOCKS = YES;
				GCC_WARN_64_TO_32_BIT_CONVERSION = YES;
				GCC_WARN_ABOUT_RETURN_TYPE = YES_ERROR;
				GCC_WARN_UNDECLARED_SELECTOR = YES;
				GCC_WARN_UNINITIALIZED_AUTOS = YES_AGGRESSIVE;
				GCC_WARN_UNUSED_FUNCTION = YES;
				GCC_WARN_UNUSED_VARIABLE = YES;
				IPHONEOS_DEPLOYMENT_TARGET = 14.5;
				MTL_ENABLE_DEBUG_INFO = NO;
				MTL_FAST_MATH = YES;
				SDKROOT = iphoneos;
				SWIFT_COMPILATION_MODE = wholemodule;
				SWIFT_OPTIMIZATION_LEVEL = "-O";
				VALIDATE_PRODUCT = YES;
			};
			name = Release;
		};
		23B8FA7F268F39EC00375FFD /* Debug */ = {
			isa = XCBuildConfiguration;
			baseConfigurationReference = 4BE19F767676FF331EEAD1F0 /* Pods-Pangea.debug.xcconfig */;
			buildSettings = {
				ASSETCATALOG_COMPILER_APPICON_NAME = AppIcon;
				ASSETCATALOG_COMPILER_GLOBAL_ACCENT_COLOR_NAME = AccentColor;
				CODE_SIGN_STYLE = Automatic;
				DEVELOPMENT_ASSET_PATHS = "\"Pangea/Preview Content\"";
				DEVELOPMENT_TEAM = 3LJ9H6BD56;
				ENABLE_PREVIEWS = YES;
				INFOPLIST_FILE = Pangea/Info.plist;
				IPHONEOS_DEPLOYMENT_TARGET = 14.0;
				LD_RUNPATH_SEARCH_PATHS = (
					"$(inherited)",
					"@executable_path/Frameworks",
				);
				PRODUCT_BUNDLE_IDENTIFIER = com.Pangea.PangeaMessenger;
				PRODUCT_NAME = "$(TARGET_NAME)";
				SWIFT_VERSION = 5.0;
				TARGETED_DEVICE_FAMILY = "1,2";
			};
			name = Debug;
		};
		23B8FA80268F39EC00375FFD /* Release */ = {
			isa = XCBuildConfiguration;
			baseConfigurationReference = 072D803096B6BE0ABC0A0AF4 /* Pods-Pangea.release.xcconfig */;
			buildSettings = {
				ASSETCATALOG_COMPILER_APPICON_NAME = AppIcon;
				ASSETCATALOG_COMPILER_GLOBAL_ACCENT_COLOR_NAME = AccentColor;
				CODE_SIGN_STYLE = Automatic;
				DEVELOPMENT_ASSET_PATHS = "\"Pangea/Preview Content\"";
				DEVELOPMENT_TEAM = 3LJ9H6BD56;
				ENABLE_PREVIEWS = YES;
				INFOPLIST_FILE = Pangea/Info.plist;
				IPHONEOS_DEPLOYMENT_TARGET = 14.0;
				LD_RUNPATH_SEARCH_PATHS = (
					"$(inherited)",
					"@executable_path/Frameworks",
				);
				PRODUCT_BUNDLE_IDENTIFIER = com.Pangea.PangeaMessenger;
				PRODUCT_NAME = "$(TARGET_NAME)";
				SWIFT_VERSION = 5.0;
				TARGETED_DEVICE_FAMILY = "1,2";
			};
			name = Release;
		};
/* End XCBuildConfiguration section */

/* Begin XCConfigurationList section */
		23B8FA65268F39EB00375FFD /* Build configuration list for PBXProject "Pangea" */ = {
			isa = XCConfigurationList;
			buildConfigurations = (
				23B8FA7C268F39EC00375FFD /* Debug */,
				23B8FA7D268F39EC00375FFD /* Release */,
			);
			defaultConfigurationIsVisible = 0;
			defaultConfigurationName = Release;
		};
		23B8FA7E268F39EC00375FFD /* Build configuration list for PBXNativeTarget "Pangea" */ = {
			isa = XCConfigurationList;
			buildConfigurations = (
				23B8FA7F268F39EC00375FFD /* Debug */,
				23B8FA80268F39EC00375FFD /* Release */,
			);
			defaultConfigurationIsVisible = 0;
			defaultConfigurationName = Release;
		};
/* End XCConfigurationList section */

/* Begin XCVersionGroup section */
		23B8FA78268F39EC00375FFD /* Pangea.xcdatamodeld */ = {
			isa = XCVersionGroup;
			children = (
				23B8FA79268F39EC00375FFD /* Pangea.xcdatamodel */,
			);
			currentVersion = 23B8FA79268F39EC00375FFD /* Pangea.xcdatamodel */;
			path = Pangea.xcdatamodeld;
			sourceTree = "<group>";
			versionGroupType = wrapper.xcdatamodel;
		};
/* End XCVersionGroup section */
	};
	rootObject = 23B8FA62268F39EB00375FFD /* Project object */;
}
